
Microsoft Visual Studio Solution File, Format Version 12.00
# Visual Studio Version 16
VisualStudioVersion = 16.0.32126.315
MinimumVisualStudioVersion = 10.0.40219.1
Project("{8BC9CEB8-8B4A-11D0-8D11-00A0C91BC942}") = "seq-tools", "seq-tools.vcxproj", "{CAC504CA-5D87-44AA-9FB4-189A686AC43C}"
EndProject
Global
	GlobalSection(SolutionConfigurationPlatforms) = preSolution
		Debug|x64 = Debug|x64
		Debug|x86 = Debug|x86
		Release|x64 = Release|x64
		Release|x86 = Release|x86
	EndGlobalSection
	GlobalSection(ProjectConfigurationPlatforms) = postSolution
		{CAC504CA-5D87-44AA-9FB4-189A686AC43C}.Debug|x64.ActiveCfg = Debug|x64
		{CAC504CA-5D87-44AA-9FB4-189A686AC43C}.Debug|x64.Build.0 = Debug|x64
		{CAC504CA-5D87-44AA-9FB4-189A686AC43C}.Debug|x86.ActiveCfg = Debug|Win32
		{CAC504CA-5D87-44AA-9FB4-189A686AC43C}.Debug|x86.Build.0 = Debug|Win32
		{CAC504CA-5D87-44AA-9FB4-189A686AC43C}.Release|x64.ActiveCfg = Release|x64
		{CAC504CA-5D87-44AA-9FB4-189A686AC43C}.Release|x64.Build.0 = Release|x64
		{CAC504CA-5D87-44AA-9FB4-189A686AC43C}.Release|x86.ActiveCfg = Release|Win32
		{CAC504CA-5D87-44AA-9FB4-189A686AC43C}.Release|x86.Build.0 = Release|Win32
	EndGlobalSection
	GlobalSection(SolutionProperties) = preSolution
		HideSolutionNode = FALSE
	EndGlobalSection
	GlobalSection(ExtensibilityGlobals) = postSolution
		SolutionGuid = {854A1851-BA2B-434B-81E4-7B9465E191BE}
	EndGlobalSection
EndGlobal
